
Microsoft Visual Studio Solution File, Format Version 12.00
# Visual Studio Version 17
VisualStudioVersion = 17.9.34728.123
MinimumVisualStudioVersion = 10.0.40219.1
Project("{FAE04EC0-301F-11D3-BF4B-00C04F79EFBC}") = "LabActivityFibonacci", "LabActivityFibonacci\LabActivityFibonacci.csproj", "{321B8C37-9752-43E8-9754-A6AF69892C0C}"
EndProject
Global
	GlobalSection(SolutionConfigurationPlatforms) = preSolution
		Debug|Any CPU = Debug|Any CPU
		Release|Any CPU = Release|Any CPU
	EndGlobalSection
	GlobalSection(ProjectConfigurationPlatforms) = postSolution
		{321B8C37-9752-43E8-9754-A6AF69892C0C}.Debug|Any CPU.ActiveCfg = Debug|Any CPU
		{321B8C37-9752-43E8-9754-A6AF69892C0C}.Debug|Any CPU.Build.0 = Debug|Any CPU
		{321B8C37-9752-43E8-9754-A6AF69892C0C}.Release|Any CPU.ActiveCfg = Release|Any CPU
		{321B8C37-9752-43E8-9754-A6AF69892C0C}.Release|Any CPU.Build.0 = Release|Any CPU
	EndGlobalSection
	GlobalSection(SolutionProperties) = preSolution
		HideSolutionNode = FALSE
	EndGlobalSection
	GlobalSection(ExtensibilityGlobals) = postSolution
		SolutionGuid = {CF939CC4-B5A8-4446-971B-31C5D9925393}
	EndGlobalSection
EndGlobal
